
Microsoft Visual Studio Solution File, Format Version 12.00
# Visual Studio Version 16
VisualStudioVersion = 16.0.30225.117
MinimumVisualStudioVersion = 10.0.40219.1
Project("{8BC9CEB8-8B4A-11D0-8D11-00A0C91BC942}") = "simdjson", "simdjson.vcxproj", "{DFB64999-BB48-4CD5-A26E-F37BB9AB9D75}"
EndProject
Global
	GlobalSection(SolutionConfigurationPlatforms) = preSolution
		Debug|x64 = Debug|x64
		Release|x64 = Release|x64
		TestDebug|x64 = TestDebug|x64
	EndGlobalSection
	GlobalSection(ProjectConfigurationPlatforms) = postSolution
		{DFB64999-BB48-4CD5-A26E-F37BB9AB9D75}.Debug|x64.ActiveCfg = Debug|x64
		{DFB64999-BB48-4CD5-A26E-F37BB9AB9D75}.Debug|x64.Build.0 = Debug|x64
		{DFB64999-BB48-4CD5-A26E-F37BB9AB9D75}.Release|x64.ActiveCfg = Release|x64
		{DFB64999-BB48-4CD5-A26E-F37BB9AB9D75}.Release|x64.Build.0 = Release|x64
		{DFB64999-BB48-4CD5-A26E-F37BB9AB9D75}.TestDebug|x64.ActiveCfg = TestDebug|x64
		{DFB64999-BB48-4CD5-A26E-F37BB9AB9D75}.TestDebug|x64.Build.0 = TestDebug|x64
	EndGlobalSection
	GlobalSection(SolutionProperties) = preSolution
		HideSolutionNode = FALSE
	EndGlobalSection
	GlobalSection(ExtensibilityGlobals) = postSolution
		SolutionGuid = {AFCFD39F-8888-40C4-B56C-C0AF05E8DF12}
	EndGlobalSection
EndGlobal
