<?xml version="1.0" encoding="utf-8"?>
<Project ToolsVersion="4.0" xmlns="http://schemas.microsoft.com/developer/msbuild/2003">
  <ItemGroup>
    <ClInclude Include="..\parser\cpp\json.h" />
    <ClInclude Include="..\parser\cpp\message_protocol.hpp" />
    <ClInclude Include="..\parser\cpp\parser_exception.hpp" />
    <ClInclude Include="..\parser\cpp\parser_impl.hpp" />
    <ClInclude Include="..\parser\cpp\parser.hpp" />
    <ClInclude Include="..\parser\cpp\base64_x.hpp" />
    <ClInclude Include="..\parser\cpp\base64.hpp" />
    <ClInclude Include="..\parser\cpp\message_protocol_jsoncpp.hpp" />
  </ItemGroup>
  <ItemGroup>
    <ClCompile Include="..\parser\cpp\jsoncpp.cpp" />
    <ClCompile Include="..\parser\cpp\parser_impl.cpp" />
    <ClCompile Include="..\parser\cpp\jni\parser_jni.cpp" />
    <ClCompile Include="..\parser\cpp\exports.cpp" />
    <ClCompile Include="..\parser\cpp\parser_c.cpp" />
  </ItemGroup>
</Project>