<?xml version="1.0" encoding="utf-8"?>
<Project ToolsVersion="4.0" xmlns="http://schemas.microsoft.com/developer/msbuild/2003">
  <ItemGroup>
    <Filter Include="Source Files">
      <UniqueIdentifier>{4FC737F1-C7A5-4376-A066-2A32D752A2FF}</UniqueIdentifier>
      <Extensions>cpp;c;cc;cxx;def;odl;idl;hpj;bat;asm;asmx</Extensions>
    </Filter>
    <Filter Include="Header Files">
      <UniqueIdentifier>{93995380-89BD-4b04-88EB-625FBE52EBFB}</UniqueIdentifier>
      <Extensions>h;hh;hpp;hxx;hm;inl;inc;ipp;xsd</Extensions>
    </Filter>
    <Filter Include="Resource Files">
      <UniqueIdentifier>{67DA6AB6-F800-4c08-8B7A-83BB121AAD01}</UniqueIdentifier>
      <Extensions>rc;ico;cur;bmp;dlg;rc2;rct;bin;rgs;gif;jpg;jpeg;jpe;resx;tiff;tif;png;wav;mfcribbon-ms</Extensions>
    </Filter>
  </ItemGroup>
  <ItemGroup>
    <ClCompile Include="..\3rd-party\cpp\simdjson\src\implementation.cpp">
      <Filter>Source Files</Filter>
    </ClCompile>
    <ClCompile Include="..\3rd-party\cpp\simdjson\src\simdjson.cpp">
      <Filter>Source Files</Filter>
    </ClCompile>
    <ClCompile Include="..\3rd-party\cpp\simdjson\src\stage1_find_marks.cpp">
      <Filter>Source Files</Filter>
    </ClCompile>
    <ClCompile Include="..\3rd-party\cpp\simdjson\src\stage2_build_tape.cpp">
      <Filter>Source Files</Filter>
    </ClCompile>
  </ItemGroup>
  <ItemGroup>
    <ClInclude Include="..\3rd-party\cpp\simdjson\src\document_parser_callbacks.h">
      <Filter>Header Files</Filter>
    </ClInclude>
    <ClInclude Include="..\3rd-party\cpp\simdjson\src\isadetection.h">
      <Filter>Header Files</Filter>
    </ClInclude>
    <ClInclude Include="..\3rd-party\cpp\simdjson\src\jsoncharutils.h">
      <Filter>Header Files</Filter>
    </ClInclude>
    <ClInclude Include="..\3rd-party\cpp\simdjson\src\simdprune_tables.h">
      <Filter>Header Files</Filter>
    </ClInclude>
    <ClInclude Include="..\3rd-party\cpp\simdjson\src\arm64\bitmanipulation.h">
      <Filter>Header Files</Filter>
    </ClInclude>
    <ClInclude Include="..\3rd-party\cpp\simdjson\src\arm64\bitmask.h">
      <Filter>Header Files</Filter>
    </ClInclude>
    <ClInclude Include="..\3rd-party\cpp\simdjson\src\arm64\implementation.h">
      <Filter>Header Files</Filter>
    </ClInclude>
    <ClInclude Include="..\3rd-party\cpp\simdjson\src\arm64\intrinsics.h">
      <Filter>Header Files</Filter>
    </ClInclude>
    <ClInclude Include="..\3rd-party\cpp\simdjson\src\arm64\numberparsing.h">
      <Filter>Header Files</Filter>
    </ClInclude>
    <ClInclude Include="..\3rd-party\cpp\simdjson\src\arm64\simd.h">
      <Filter>Header Files</Filter>
    </ClInclude>
    <ClInclude Include="..\3rd-party\cpp\simdjson\src\arm64\stage1_find_marks.h">
      <Filter>Header Files</Filter>
    </ClInclude>
    <ClInclude Include="..\3rd-party\cpp\simdjson\src\arm64\stage2_build_tape.h">
      <Filter>Header Files</Filter>
    </ClInclude>
    <ClInclude Include="..\3rd-party\cpp\simdjson\src\arm64\stringparsing.h">
      <Filter>Header Files</Filter>
    </ClInclude>
    <ClInclude Include="..\3rd-party\cpp\simdjson\src\fallback\bitmanipulation.h">
      <Filter>Header Files</Filter>
    </ClInclude>
    <ClInclude Include="..\3rd-party\cpp\simdjson\src\fallback\implementation.h">
      <Filter>Header Files</Filter>
    </ClInclude>
    <ClInclude Include="..\3rd-party\cpp\simdjson\src\fallback\numberparsing.h">
      <Filter>Header Files</Filter>
    </ClInclude>
    <ClInclude Include="..\3rd-party\cpp\simdjson\src\fallback\stage1_find_marks.h">
      <Filter>Header Files</Filter>
    </ClInclude>
    <ClInclude Include="..\3rd-party\cpp\simdjson\src\fallback\stage2_build_tape.h">
      <Filter>Header Files</Filter>
    </ClInclude>
    <ClInclude Include="..\3rd-party\cpp\simdjson\src\fallback\stringparsing.h">
      <Filter>Header Files</Filter>
    </ClInclude>
    <ClInclude Include="..\3rd-party\cpp\simdjson\src\generic\atomparsing.h">
      <Filter>Header Files</Filter>
    </ClInclude>
    <ClInclude Include="..\3rd-party\cpp\simdjson\src\generic\buf_block_reader.h">
      <Filter>Header Files</Filter>
    </ClInclude>
    <ClInclude Include="..\3rd-party\cpp\simdjson\src\generic\json_minifier.h">
      <Filter>Header Files</Filter>
    </ClInclude>
    <ClInclude Include="..\3rd-party\cpp\simdjson\src\generic\json_scanner.h">
      <Filter>Header Files</Filter>
    </ClInclude>
    <ClInclude Include="..\3rd-party\cpp\simdjson\src\generic\json_string_scanner.h">
      <Filter>Header Files</Filter>
    </ClInclude>
    <ClInclude Include="..\3rd-party\cpp\simdjson\src\generic\json_structural_indexer.h">
      <Filter>Header Files</Filter>
    </ClInclude>
    <ClInclude Include="..\3rd-party\cpp\simdjson\src\generic\numberparsing.h">
      <Filter>Header Files</Filter>
    </ClInclude>
    <ClInclude Include="..\3rd-party\cpp\simdjson\src\generic\stage2_build_tape.h">
      <Filter>Header Files</Filter>
    </ClInclude>
    <ClInclude Include="..\3rd-party\cpp\simdjson\src\generic\stage2_streaming_build_tape.h">
      <Filter>Header Files</Filter>
    </ClInclude>
    <ClInclude Include="..\3rd-party\cpp\simdjson\src\generic\stringparsing.h">
      <Filter>Header Files</Filter>
    </ClInclude>
    <ClInclude Include="..\3rd-party\cpp\simdjson\src\generic\utf8_fastvalidate_algorithm.h">
      <Filter>Header Files</Filter>
    </ClInclude>
    <ClInclude Include="..\3rd-party\cpp\simdjson\src\generic\utf8_lookup_algorithm.h">
      <Filter>Header Files</Filter>
    </ClInclude>
    <ClInclude Include="..\3rd-party\cpp\simdjson\src\generic\utf8_lookup2_algorithm.h">
      <Filter>Header Files</Filter>
    </ClInclude>
    <ClInclude Include="..\3rd-party\cpp\simdjson\src\generic\utf8_range_algorithm.h">
      <Filter>Header Files</Filter>
    </ClInclude>
    <ClInclude Include="..\3rd-party\cpp\simdjson\src\generic\utf8_zwegner_algorithm.h">
      <Filter>Header Files</Filter>
    </ClInclude>
    <ClInclude Include="..\3rd-party\cpp\simdjson\src\haswell\bitmanipulation.h">
      <Filter>Header Files</Filter>
    </ClInclude>
    <ClInclude Include="..\3rd-party\cpp\simdjson\src\haswell\bitmask.h">
      <Filter>Header Files</Filter>
    </ClInclude>
    <ClInclude Include="..\3rd-party\cpp\simdjson\src\haswell\implementation.h">
      <Filter>Header Files</Filter>
    </ClInclude>
    <ClInclude Include="..\3rd-party\cpp\simdjson\src\haswell\intrinsics.h">
      <Filter>Header Files</Filter>
    </ClInclude>
    <ClInclude Include="..\3rd-party\cpp\simdjson\src\haswell\numberparsing.h">
      <Filter>Header Files</Filter>
    </ClInclude>
    <ClInclude Include="..\3rd-party\cpp\simdjson\src\haswell\simd.h">
      <Filter>Header Files</Filter>
    </ClInclude>
    <ClInclude Include="..\3rd-party\cpp\simdjson\src\haswell\stage1_find_marks.h">
      <Filter>Header Files</Filter>
    </ClInclude>
    <ClInclude Include="..\3rd-party\cpp\simdjson\src\haswell\stage2_build_tape.h">
      <Filter>Header Files</Filter>
    </ClInclude>
    <ClInclude Include="..\3rd-party\cpp\simdjson\src\haswell\stringparsing.h">
      <Filter>Header Files</Filter>
    </ClInclude>
    <ClInclude Include="..\3rd-party\cpp\simdjson\src\westmere\bitmanipulation.h">
      <Filter>Header Files</Filter>
    </ClInclude>
    <ClInclude Include="..\3rd-party\cpp\simdjson\src\westmere\bitmask.h">
      <Filter>Header Files</Filter>
    </ClInclude>
    <ClInclude Include="..\3rd-party\cpp\simdjson\src\westmere\implementation.h">
      <Filter>Header Files</Filter>
    </ClInclude>
    <ClInclude Include="..\3rd-party\cpp\simdjson\src\westmere\intrinsics.h">
      <Filter>Header Files</Filter>
    </ClInclude>
    <ClInclude Include="..\3rd-party\cpp\simdjson\src\westmere\numberparsing.h">
      <Filter>Header Files</Filter>
    </ClInclude>
    <ClInclude Include="..\3rd-party\cpp\simdjson\src\westmere\simd.h">
      <Filter>Header Files</Filter>
    </ClInclude>
    <ClInclude Include="..\3rd-party\cpp\simdjson\src\westmere\stage1_find_marks.h">
      <Filter>Header Files</Filter>
    </ClInclude>
    <ClInclude Include="..\3rd-party\cpp\simdjson\src\westmere\stage2_build_tape.h">
      <Filter>Header Files</Filter>
    </ClInclude>
    <ClInclude Include="..\3rd-party\cpp\simdjson\src\westmere\stringparsing.h">
      <Filter>Header Files</Filter>
    </ClInclude>
  </ItemGroup>
</Project>